
Microsoft Visual Studio Solution File, Format Version 12.00
# Visual Studio Version 17
VisualStudioVersion = 17.8.34309.116
MinimumVisualStudioVersion = 10.0.40219.1
Project("{FAE04EC0-301F-11D3-BF4B-00C04F79EFBC}") = "S1084-AutoRelease", "S1084-AutoRelease.csproj", "{073F135B-3BD6-4E7D-A752-EBD4CABEE32F}"
EndProject
Global
	GlobalSection(SolutionConfigurationPlatforms) = preSolution
		Debug|Any CPU = Debug|Any CPU
		Release|Any CPU = Release|Any CPU
	EndGlobalSection
	GlobalSection(ProjectConfigurationPlatforms) = postSolution
		{073F135B-3BD6-4E7D-A752-EBD4CABEE32F}.Debug|Any CPU.ActiveCfg = Debug|Any CPU
		{073F135B-3BD6-4E7D-A752-EBD4CABEE32F}.Debug|Any CPU.Build.0 = Debug|Any CPU
		{073F135B-3BD6-4E7D-A752-EBD4CABEE32F}.Release|Any CPU.ActiveCfg = Release|Any CPU
		{073F135B-3BD6-4E7D-A752-EBD4CABEE32F}.Release|Any CPU.Build.0 = Release|Any CPU
	EndGlobalSection
	GlobalSection(SolutionProperties) = preSolution
		HideSolutionNode = FALSE
	EndGlobalSection
	GlobalSection(ExtensibilityGlobals) = postSolution
		SolutionGuid = {B1F6F742-6C1C-46EB-AC5C-6313C70B0B4D}
	EndGlobalSection
EndGlobal
